{
  "requires": true,
  "lockfileVersion": 1,
  "dependencies": {
    "oidc-client": {
      "version": "1.7.1",
      "resolved": "https://registry.npmjs.org/oidc-client/-/oidc-client-1.7.1.tgz",
      "integrity": "sha512-qsPBQVa/BY6AmdY89erANJbfDXrX1dqu9lKgvYZzkVDzIj5mmw6wGjFeQuV2HDm4TiJA0VT5HSTWOWnXZUYu0g=="
    }
  }
}
